
Microsoft Visual Studio Solution File, Format Version 12.00
# Visual Studio 15
VisualStudioVersion = 15.0.26730.16
MinimumVisualStudioVersion = 10.0.40219.1
Project("{FAE04EC0-301F-11D3-BF4B-00C04F79EFBC}") = "SysWork.Controls", "SysWork.Controls.csproj", "{A21FA2E6-2451-450F-AB10-E00C86A606DD}"
EndProject
Global
	GlobalSection(SolutionConfigurationPlatforms) = preSolution
		Debug|Any CPU = Debug|Any CPU
		Release|Any CPU = Release|Any CPU
	EndGlobalSection
	GlobalSection(ProjectConfigurationPlatforms) = postSolution
		{A21FA2E6-2451-450F-AB10-E00C86A606DD}.Debug|Any CPU.ActiveCfg = Debug|Any CPU
		{A21FA2E6-2451-450F-AB10-E00C86A606DD}.Debug|Any CPU.Build.0 = Debug|Any CPU
		{A21FA2E6-2451-450F-AB10-E00C86A606DD}.Release|Any CPU.ActiveCfg = Release|Any CPU
		{A21FA2E6-2451-450F-AB10-E00C86A606DD}.Release|Any CPU.Build.0 = Release|Any CPU
	EndGlobalSection
	GlobalSection(SolutionProperties) = preSolution
		HideSolutionNode = FALSE
	EndGlobalSection
	GlobalSection(ExtensibilityGlobals) = postSolution
		SolutionGuid = {10720084-BFAA-452C-90F0-5D603772F6AA}
	EndGlobalSection
EndGlobal
