
Microsoft Visual Studio Solution File, Format Version 12.00
# Visual Studio 15
VisualStudioVersion = 15.0.28307.902
MinimumVisualStudioVersion = 10.0.40219.1
Project("{FAE04EC0-301F-11D3-BF4B-00C04F79EFBC}") = "SysWork.MetroControls.MetroToolbars", "SysWork.MetroControls.MetroToolbars\SysWork.MetroControls.MetroToolbars.csproj", "{44618580-0DA8-4369-9D18-448C2935ABA0}"
EndProject
Project("{FAE04EC0-301F-11D3-BF4B-00C04F79EFBC}") = "TestMetroToolbar", "TestMetroToolbar\TestMetroToolbar.csproj", "{F6CFEED3-4C13-4560-BA6C-87C65FB9792B}"
EndProject
Global
	GlobalSection(SolutionConfigurationPlatforms) = preSolution
		Debug|Any CPU = Debug|Any CPU
		Release|Any CPU = Release|Any CPU
	EndGlobalSection
	GlobalSection(ProjectConfigurationPlatforms) = postSolution
		{44618580-0DA8-4369-9D18-448C2935ABA0}.Debug|Any CPU.ActiveCfg = Debug|Any CPU
		{44618580-0DA8-4369-9D18-448C2935ABA0}.Debug|Any CPU.Build.0 = Debug|Any CPU
		{44618580-0DA8-4369-9D18-448C2935ABA0}.Release|Any CPU.ActiveCfg = Release|Any CPU
		{44618580-0DA8-4369-9D18-448C2935ABA0}.Release|Any CPU.Build.0 = Release|Any CPU
		{F6CFEED3-4C13-4560-BA6C-87C65FB9792B}.Debug|Any CPU.ActiveCfg = Debug|Any CPU
		{F6CFEED3-4C13-4560-BA6C-87C65FB9792B}.Debug|Any CPU.Build.0 = Debug|Any CPU
		{F6CFEED3-4C13-4560-BA6C-87C65FB9792B}.Release|Any CPU.ActiveCfg = Release|Any CPU
		{F6CFEED3-4C13-4560-BA6C-87C65FB9792B}.Release|Any CPU.Build.0 = Release|Any CPU
	EndGlobalSection
	GlobalSection(SolutionProperties) = preSolution
		HideSolutionNode = FALSE
	EndGlobalSection
	GlobalSection(ExtensibilityGlobals) = postSolution
		SolutionGuid = {EE9BE141-1DC3-4DFE-88B0-F7446D755A46}
	EndGlobalSection
EndGlobal
