
Microsoft Visual Studio Solution File, Format Version 12.00
# Visual Studio 15
VisualStudioVersion = 15.0.26730.16
MinimumVisualStudioVersion = 10.0.40219.1
Project("{FAE04EC0-301F-11D3-BF4B-00C04F79EFBC}") = "SysWork.Format", "SysWork.Format\SysWork.Format.csproj", "{CBCDCD6F-C11B-49F0-93B7-63A5E600B5A3}"
EndProject
Global
	GlobalSection(SolutionConfigurationPlatforms) = preSolution
		Debug|Any CPU = Debug|Any CPU
		Release|Any CPU = Release|Any CPU
	EndGlobalSection
	GlobalSection(ProjectConfigurationPlatforms) = postSolution
		{CBCDCD6F-C11B-49F0-93B7-63A5E600B5A3}.Debug|Any CPU.ActiveCfg = Debug|Any CPU
		{CBCDCD6F-C11B-49F0-93B7-63A5E600B5A3}.Debug|Any CPU.Build.0 = Debug|Any CPU
		{CBCDCD6F-C11B-49F0-93B7-63A5E600B5A3}.Release|Any CPU.ActiveCfg = Release|Any CPU
		{CBCDCD6F-C11B-49F0-93B7-63A5E600B5A3}.Release|Any CPU.Build.0 = Release|Any CPU
	EndGlobalSection
	GlobalSection(SolutionProperties) = preSolution
		HideSolutionNode = FALSE
	EndGlobalSection
	GlobalSection(ExtensibilityGlobals) = postSolution
		SolutionGuid = {5BDF4DB3-D0F0-4F8A-82AC-5427D84DE360}
	EndGlobalSection
EndGlobal
