
Microsoft Visual Studio Solution File, Format Version 12.00
# Visual Studio 15
VisualStudioVersion = 15.0.26730.16
MinimumVisualStudioVersion = 10.0.40219.1
Project("{FAE04EC0-301F-11D3-BF4B-00C04F79EFBC}") = "DemoSysWork.Data", "DemoSysWork.Data\DemoSysWork.Data.csproj", "{97ECE067-5E88-46A5-A850-00D29A1403C3}"
EndProject
Project("{FAE04EC0-301F-11D3-BF4B-00C04F79EFBC}") = "SysWork.Data", "..\..\SysWorkData\SysWorkData\SysWorkData\SysWork.Data.csproj", "{885F2F8D-05A7-49DC-BC26-DCC00CA47C6E}"
EndProject
Global
	GlobalSection(SolutionConfigurationPlatforms) = preSolution
		Debug|Any CPU = Debug|Any CPU
		Release|Any CPU = Release|Any CPU
	EndGlobalSection
	GlobalSection(ProjectConfigurationPlatforms) = postSolution
		{97ECE067-5E88-46A5-A850-00D29A1403C3}.Debug|Any CPU.ActiveCfg = Debug|Any CPU
		{97ECE067-5E88-46A5-A850-00D29A1403C3}.Debug|Any CPU.Build.0 = Debug|Any CPU
		{97ECE067-5E88-46A5-A850-00D29A1403C3}.Release|Any CPU.ActiveCfg = Release|Any CPU
		{97ECE067-5E88-46A5-A850-00D29A1403C3}.Release|Any CPU.Build.0 = Release|Any CPU
		{885F2F8D-05A7-49DC-BC26-DCC00CA47C6E}.Debug|Any CPU.ActiveCfg = Debug|Any CPU
		{885F2F8D-05A7-49DC-BC26-DCC00CA47C6E}.Debug|Any CPU.Build.0 = Debug|Any CPU
		{885F2F8D-05A7-49DC-BC26-DCC00CA47C6E}.Release|Any CPU.ActiveCfg = Release|Any CPU
		{885F2F8D-05A7-49DC-BC26-DCC00CA47C6E}.Release|Any CPU.Build.0 = Release|Any CPU
	EndGlobalSection
	GlobalSection(SolutionProperties) = preSolution
		HideSolutionNode = FALSE
	EndGlobalSection
	GlobalSection(ExtensibilityGlobals) = postSolution
		SolutionGuid = {29FE74D9-25B4-4405-A5CA-F0F64D3DFB8D}
	EndGlobalSection
EndGlobal
