
Microsoft Visual Studio Solution File, Format Version 12.00
# Visual Studio 15
VisualStudioVersion = 15.0.28307.902
MinimumVisualStudioVersion = 10.0.40219.1
Project("{FAE04EC0-301F-11D3-BF4B-00C04F79EFBC}") = "SysWork.Reports", "SysWork.Reports.csproj", "{D42B2F87-4DB3-4998-B961-835EF9945899}"
EndProject
Global
	GlobalSection(SolutionConfigurationPlatforms) = preSolution
		Debug|Any CPU = Debug|Any CPU
		Release|Any CPU = Release|Any CPU
	EndGlobalSection
	GlobalSection(ProjectConfigurationPlatforms) = postSolution
		{D42B2F87-4DB3-4998-B961-835EF9945899}.Debug|Any CPU.ActiveCfg = Debug|Any CPU
		{D42B2F87-4DB3-4998-B961-835EF9945899}.Debug|Any CPU.Build.0 = Debug|Any CPU
		{D42B2F87-4DB3-4998-B961-835EF9945899}.Release|Any CPU.ActiveCfg = Release|Any CPU
		{D42B2F87-4DB3-4998-B961-835EF9945899}.Release|Any CPU.Build.0 = Release|Any CPU
	EndGlobalSection
	GlobalSection(SolutionProperties) = preSolution
		HideSolutionNode = FALSE
	EndGlobalSection
	GlobalSection(ExtensibilityGlobals) = postSolution
		SolutionGuid = {C79852B4-9022-4C9E-8B60-8FD78A79EE92}
	EndGlobalSection
EndGlobal
